
Microsoft Visual Studio Solution File, Format Version 12.00
# Visual Studio Version 17
VisualStudioVersion = 17.11.35327.3
MinimumVisualStudioVersion = 10.0.40219.1
Project("{C9674DCB-5085-4A16-B785-4C70DD1589BD}") = "cursed_ssis1", "cursed_ssis1\cursed_ssis1.dtproj", "{AE5680E0-79B7-4DBF-BA7C-428DA515B0B8}"
EndProject
Global
	GlobalSection(SolutionConfigurationPlatforms) = preSolution
		Azure|Default = Azure|Default
		Development|Default = Development|Default
	EndGlobalSection
	GlobalSection(ProjectConfigurationPlatforms) = postSolution
		{AE5680E0-79B7-4DBF-BA7C-428DA515B0B8}.Azure|Default.ActiveCfg = Azure
		{AE5680E0-79B7-4DBF-BA7C-428DA515B0B8}.Azure|Default.Build.0 = Azure
		{AE5680E0-79B7-4DBF-BA7C-428DA515B0B8}.Development|Default.ActiveCfg = Development
		{AE5680E0-79B7-4DBF-BA7C-428DA515B0B8}.Development|Default.Build.0 = Development
	EndGlobalSection
	GlobalSection(SolutionProperties) = preSolution
		HideSolutionNode = FALSE
	EndGlobalSection
	GlobalSection(ExtensibilityGlobals) = postSolution
		SolutionGuid = {1EAA5499-39BA-4000-AF95-55996BFA2D60}
	EndGlobalSection
EndGlobal
